
Microsoft Visual Studio Solution File, Format Version 12.00
# Visual Studio Version 16
VisualStudioVersion = 16.0.30204.135
MinimumVisualStudioVersion = 10.0.40219.1
Project("{FAE04EC0-301F-11D3-BF4B-00C04F79EFBC}") = "MediaApi", "MediaApi\MediaApi.csproj", "{9484A65A-51F0-4836-9371-03138F53EF33}"
EndProject
Global
	GlobalSection(SolutionConfigurationPlatforms) = preSolution
		Debug|Any CPU = Debug|Any CPU
		Release|Any CPU = Release|Any CPU
	EndGlobalSection
	GlobalSection(ProjectConfigurationPlatforms) = postSolution
		{9484A65A-51F0-4836-9371-03138F53EF33}.Debug|Any CPU.ActiveCfg = Debug|Any CPU
		{9484A65A-51F0-4836-9371-03138F53EF33}.Debug|Any CPU.Build.0 = Debug|Any CPU
		{9484A65A-51F0-4836-9371-03138F53EF33}.Release|Any CPU.ActiveCfg = Release|Any CPU
		{9484A65A-51F0-4836-9371-03138F53EF33}.Release|Any CPU.Build.0 = Release|Any CPU
	EndGlobalSection
	GlobalSection(SolutionProperties) = preSolution
		HideSolutionNode = FALSE
	EndGlobalSection
	GlobalSection(ExtensibilityGlobals) = postSolution
		SolutionGuid = {5BD6CFB2-7A5C-404C-A680-F84A9FDAFD2E}
	EndGlobalSection
EndGlobal
